
Microsoft Visual Studio Solution File, Format Version 12.00
# Visual Studio Version 16
VisualStudioVersion = 16.0.29806.167
MinimumVisualStudioVersion = 10.0.40219.1
Project("{9A19103F-16F7-4668-BE54-9A1E7A4F7556}") = "Stocks", "Stocks\Stocks.csproj", "{E3DDBFBA-B183-447E-B6F5-A43FC0311870}"
EndProject
Project("{9A19103F-16F7-4668-BE54-9A1E7A4F7556}") = "Stocks.Core", "Stocks.Core\Stocks.Core.csproj", "{61959D36-FAB8-429F-A932-74B4C071A7CE}"
EndProject
Project("{9A19103F-16F7-4668-BE54-9A1E7A4F7556}") = "Stocks.Data", "Stocks.Data\Stocks.Data.csproj", "{37A10A04-5477-422B-BE8B-2D94CE71BE29}"
EndProject
Project("{9A19103F-16F7-4668-BE54-9A1E7A4F7556}") = "Stocks.Blazor", "Stocks.Blazor\Stocks.Blazor.csproj", "{07C870A4-44C4-4F19-B843-1EF3C4BD0950}"
EndProject
Project("{9A19103F-16F7-4668-BE54-9A1E7A4F7556}") = "Stocks.Model", "Stocks.Model\Stocks.Model.csproj", "{E3F4338E-705F-4095-8DBA-CD891A78DE18}"
EndProject
Project("{2150E333-8FDC-42A3-9474-1A3956D46DE8}") = "Solution Items", "Solution Items", "{A973E221-1A2B-4B39-937F-BD0DA7B4D6A7}"
	ProjectSection(SolutionItems) = preProject
		k8s\stocks-np.service.yml = k8s\stocks-np.service.yml
		k8s\stocks.deployment.yml = k8s\stocks.deployment.yml
		k8s\stocksblazor.deployment.yml = k8s\stocksblazor.deployment.yml
	EndProjectSection
EndProject
Global
	GlobalSection(SolutionConfigurationPlatforms) = preSolution
		Debug|Any CPU = Debug|Any CPU
		Release|Any CPU = Release|Any CPU
	EndGlobalSection
	GlobalSection(ProjectConfigurationPlatforms) = postSolution
		{E3DDBFBA-B183-447E-B6F5-A43FC0311870}.Debug|Any CPU.ActiveCfg = Debug|Any CPU
		{E3DDBFBA-B183-447E-B6F5-A43FC0311870}.Debug|Any CPU.Build.0 = Debug|Any CPU
		{E3DDBFBA-B183-447E-B6F5-A43FC0311870}.Release|Any CPU.ActiveCfg = Release|Any CPU
		{E3DDBFBA-B183-447E-B6F5-A43FC0311870}.Release|Any CPU.Build.0 = Release|Any CPU
		{61959D36-FAB8-429F-A932-74B4C071A7CE}.Debug|Any CPU.ActiveCfg = Debug|Any CPU
		{61959D36-FAB8-429F-A932-74B4C071A7CE}.Debug|Any CPU.Build.0 = Debug|Any CPU
		{61959D36-FAB8-429F-A932-74B4C071A7CE}.Release|Any CPU.ActiveCfg = Release|Any CPU
		{61959D36-FAB8-429F-A932-74B4C071A7CE}.Release|Any CPU.Build.0 = Release|Any CPU
		{37A10A04-5477-422B-BE8B-2D94CE71BE29}.Debug|Any CPU.ActiveCfg = Debug|Any CPU
		{37A10A04-5477-422B-BE8B-2D94CE71BE29}.Debug|Any CPU.Build.0 = Debug|Any CPU
		{37A10A04-5477-422B-BE8B-2D94CE71BE29}.Release|Any CPU.ActiveCfg = Release|Any CPU
		{37A10A04-5477-422B-BE8B-2D94CE71BE29}.Release|Any CPU.Build.0 = Release|Any CPU
		{07C870A4-44C4-4F19-B843-1EF3C4BD0950}.Debug|Any CPU.ActiveCfg = Debug|Any CPU
		{07C870A4-44C4-4F19-B843-1EF3C4BD0950}.Debug|Any CPU.Build.0 = Debug|Any CPU
		{07C870A4-44C4-4F19-B843-1EF3C4BD0950}.Release|Any CPU.ActiveCfg = Release|Any CPU
		{07C870A4-44C4-4F19-B843-1EF3C4BD0950}.Release|Any CPU.Build.0 = Release|Any CPU
		{E3F4338E-705F-4095-8DBA-CD891A78DE18}.Debug|Any CPU.ActiveCfg = Debug|Any CPU
		{E3F4338E-705F-4095-8DBA-CD891A78DE18}.Debug|Any CPU.Build.0 = Debug|Any CPU
		{E3F4338E-705F-4095-8DBA-CD891A78DE18}.Release|Any CPU.ActiveCfg = Release|Any CPU
		{E3F4338E-705F-4095-8DBA-CD891A78DE18}.Release|Any CPU.Build.0 = Release|Any CPU
	EndGlobalSection
	GlobalSection(SolutionProperties) = preSolution
		HideSolutionNode = FALSE
	EndGlobalSection
	GlobalSection(ExtensibilityGlobals) = postSolution
		SolutionGuid = {42CFF666-74B9-49DC-97CA-3A2F6E167D0A}
	EndGlobalSection
EndGlobal
